
Microsoft Visual Studio Solution File, Format Version 12.00
# Visual Studio Version 17
VisualStudioVersion = 17.14.36915.13 d17.14
MinimumVisualStudioVersion = 10.0.40219.1
Project("{FAE04EC0-301F-11D3-BF4B-00C04F79EFBC}") = "sys_notificacoesBancarias", "sys_notificacoesBancarias\sys_notificacoesBancarias.csproj", "{589D0838-41FD-41EA-9EA9-8640D053CED9}"
EndProject
Global
	GlobalSection(SolutionConfigurationPlatforms) = preSolution
		Debug|Any CPU = Debug|Any CPU
		Release|Any CPU = Release|Any CPU
	EndGlobalSection
	GlobalSection(ProjectConfigurationPlatforms) = postSolution
		{589D0838-41FD-41EA-9EA9-8640D053CED9}.Debug|Any CPU.ActiveCfg = Debug|Any CPU
		{589D0838-41FD-41EA-9EA9-8640D053CED9}.Debug|Any CPU.Build.0 = Debug|Any CPU
		{589D0838-41FD-41EA-9EA9-8640D053CED9}.Release|Any CPU.ActiveCfg = Release|Any CPU
		{589D0838-41FD-41EA-9EA9-8640D053CED9}.Release|Any CPU.Build.0 = Release|Any CPU
	EndGlobalSection
	GlobalSection(SolutionProperties) = preSolution
		HideSolutionNode = FALSE
	EndGlobalSection
	GlobalSection(ExtensibilityGlobals) = postSolution
		SolutionGuid = {ABC7E80D-7A70-4F36-A0F5-7A41CA4DC9A7}
	EndGlobalSection
EndGlobal
